
Microsoft Visual Studio Solution File, Format Version 12.00
# Visual Studio 15
VisualStudioVersion = 15.0.28010.2046
MinimumVisualStudioVersion = 10.0.40219.1
Project("{FAE04EC0-301F-11D3-BF4B-00C04F79EFBC}") = "NET1.A.2018.Gutovec.1.Tests", "NET1.A.2018.Gutovec.1.Tests\NET1.A.2018.Gutovec.1.Tests.csproj", "{2830731C-AAB5-4BC8-9912-AA87BC76C35C}"
EndProject
Project("{FAE04EC0-301F-11D3-BF4B-00C04F79EFBC}") = "NET1.A.2018.Gutovec.1.NUnitTests", "NET1.A.2018.Gutovec.1.NUnitTests\NET1.A.2018.Gutovec.1.NUnitTests.csproj", "{40D03D77-56AE-429F-9FA7-EBCF0B196CAC}"
EndProject
Project("{FAE04EC0-301F-11D3-BF4B-00C04F79EFBC}") = "Algorithms", "Algorithms\Algorithms.csproj", "{B2256CCD-231C-4EB4-B6A1-05951B4B3CFF}"
EndProject
Global
	GlobalSection(SolutionConfigurationPlatforms) = preSolution
		Debug|Any CPU = Debug|Any CPU
		Release|Any CPU = Release|Any CPU
	EndGlobalSection
	GlobalSection(ProjectConfigurationPlatforms) = postSolution
		{2830731C-AAB5-4BC8-9912-AA87BC76C35C}.Debug|Any CPU.ActiveCfg = Debug|Any CPU
		{2830731C-AAB5-4BC8-9912-AA87BC76C35C}.Debug|Any CPU.Build.0 = Debug|Any CPU
		{2830731C-AAB5-4BC8-9912-AA87BC76C35C}.Release|Any CPU.ActiveCfg = Release|Any CPU
		{2830731C-AAB5-4BC8-9912-AA87BC76C35C}.Release|Any CPU.Build.0 = Release|Any CPU
		{40D03D77-56AE-429F-9FA7-EBCF0B196CAC}.Debug|Any CPU.ActiveCfg = Debug|Any CPU
		{40D03D77-56AE-429F-9FA7-EBCF0B196CAC}.Debug|Any CPU.Build.0 = Debug|Any CPU
		{40D03D77-56AE-429F-9FA7-EBCF0B196CAC}.Release|Any CPU.ActiveCfg = Release|Any CPU
		{40D03D77-56AE-429F-9FA7-EBCF0B196CAC}.Release|Any CPU.Build.0 = Release|Any CPU
		{B2256CCD-231C-4EB4-B6A1-05951B4B3CFF}.Debug|Any CPU.ActiveCfg = Debug|Any CPU
		{B2256CCD-231C-4EB4-B6A1-05951B4B3CFF}.Debug|Any CPU.Build.0 = Debug|Any CPU
		{B2256CCD-231C-4EB4-B6A1-05951B4B3CFF}.Release|Any CPU.ActiveCfg = Release|Any CPU
		{B2256CCD-231C-4EB4-B6A1-05951B4B3CFF}.Release|Any CPU.Build.0 = Release|Any CPU
	EndGlobalSection
	GlobalSection(SolutionProperties) = preSolution
		HideSolutionNode = FALSE
	EndGlobalSection
	GlobalSection(ExtensibilityGlobals) = postSolution
		SolutionGuid = {9855345E-F424-4DDC-BA92-5D69EA174A5D}
	EndGlobalSection
EndGlobal
